
Microsoft Visual Studio Solution File, Format Version 12.00
# Visual Studio Version 16
VisualStudioVersion = 16.0.30413.136
MinimumVisualStudioVersion = 10.0.40219.1
Project("{FAE04EC0-301F-11D3-BF4B-00C04F79EFBC}") = "ShuffleDemo", "ShuffleDemo\ShuffleDemo.csproj", "{C8A05F52-D34D-40E0-80FC-40373187A536}"
EndProject
Global
	GlobalSection(SolutionConfigurationPlatforms) = preSolution
		Debug|Any CPU = Debug|Any CPU
		Release|Any CPU = Release|Any CPU
	EndGlobalSection
	GlobalSection(ProjectConfigurationPlatforms) = postSolution
		{C8A05F52-D34D-40E0-80FC-40373187A536}.Debug|Any CPU.ActiveCfg = Debug|Any CPU
		{C8A05F52-D34D-40E0-80FC-40373187A536}.Debug|Any CPU.Build.0 = Debug|Any CPU
		{C8A05F52-D34D-40E0-80FC-40373187A536}.Release|Any CPU.ActiveCfg = Release|Any CPU
		{C8A05F52-D34D-40E0-80FC-40373187A536}.Release|Any CPU.Build.0 = Release|Any CPU
	EndGlobalSection
	GlobalSection(SolutionProperties) = preSolution
		HideSolutionNode = FALSE
	EndGlobalSection
	GlobalSection(ExtensibilityGlobals) = postSolution
		SolutionGuid = {E2A7FCC3-68E3-48DD-81E9-3EAB03C31B4A}
	EndGlobalSection
EndGlobal
